// !$*UTF8*$!
{
	archiveVersion = 1;
	classes = {
	};
	objectVersion = 77;
	objects = {

/* Begin PBXBuildFile section */
		829C340E2DB7A69D00E2110A /* FirebaseAuth in Frameworks */ = {isa = PBXBuildFile; productRef = 829C340D2DB7A69D00E2110A /* FirebaseAuth */; };
		829C34102DB7A69D00E2110A /* FirebaseDatabase in Frameworks */ = {isa = PBXBuildFile; productRef = 829C340F2DB7A69D00E2110A /* FirebaseDatabase */; };
		829C34122DB7A69D00E2110A /* FirebaseFirestore in Frameworks */ = {isa = PBXBuildFile; productRef = 829C34112DB7A69D00E2110A /* FirebaseFirestore */; };
		829C34142DB7A69D00E2110A /* FirebaseStorage in Frameworks */ = {isa = PBXBuildFile; productRef = 829C34132DB7A69D00E2110A /* FirebaseStorage */; };
/* End PBXBuildFile section */

/* Begin PBXContainerItemProxy section */
		82619B1E2DACF895002D52A0 /* PBXContainerItemProxy */ = {
			isa = PBXContainerItemProxy;
			containerPortal = 82619B052DACF894002D52A0 /* Project object */;
			proxyType = 1;
			remoteGlobalIDString = 82619B0C2DACF894002D52A0;
			remoteInfo = Habitect;
		};
		82619B282DACF895002D52A0 /* PBXContainerItemProxy */ = {
			isa = PBXContainerItemProxy;
			containerPortal = 82619B052DACF894002D52A0 /* Project object */;
			proxyType = 1;
			remoteGlobalIDString = 82619B0C2DACF894002D52A0;
			remoteInfo = Habitect;
		};
/* End PBXContainerItemProxy section */

/* Begin PBXFileReference section */
		82619B0D2DACF894002D52A0 /* Habitect.app */ = {isa = PBXFileReference; explicitFileType = wrapper.application; includeInIndex = 0; path = Habitect.app; sourceTree = BUILT_PRODUCTS_DIR; };
		82619B1D2DACF895002D52A0 /* HabitectTests.xctest */ = {isa = PBXFileReference; explicitFileType = wrapper.cfbundle; includeInIndex = 0; path = HabitectTests.xctest; sourceTree = BUILT_PRODUCTS_DIR; };
		82619B272DACF895002D52A0 /* HabitectUITests.xctest */ = {isa = PBXFileReference; explicitFileType = wrapper.cfbundle; includeInIndex = 0; path = HabitectUITests.xctest; sourceTree = BUILT_PRODUCTS_DIR; };
/* End PBXFileReference section */

/* Begin PBXFileSystemSynchronizedRootGroup section */
		82619B0F2DACF894002D52A0 /* Habitect */ = {
			isa = PBXFileSystemSynchronizedRootGroup;
			path = Habitect;
			sourceTree = "<group>";
		};
		82619B202DACF895002D52A0 /* HabitectTests */ = {
			isa = PBXFileSystemSynchronizedRootGroup;
			path = HabitectTests;
			sourceTree = "<group>";
		};
		82619B2A2DACF895002D52A0 /* HabitectUITests */ = {
			isa = PBXFileSystemSynchronizedRootGroup;
			path = HabitectUITests;
			sourceTree = "<group>";
		};
/* End PBXFileSystemSynchronizedRootGroup section */

/* Begin PBXFrameworksBuildPhase section */
		82619B0A2DACF894002D52A0 /* Frameworks */ = {
			isa = PBXFrameworksBuildPhase;
			buildActionMask = 2147483647;
			files = (
				829C34102DB7A69D00E2110A /* FirebaseDatabase in Frameworks */,
				829C34142DB7A69D00E2110A /* FirebaseStorage in Frameworks */,
				829C340E2DB7A69D00E2110A /* FirebaseAuth in Frameworks */,
				829C34122DB7A69D00E2110A /* FirebaseFirestore in Frameworks */,
			);
			runOnlyForDeploymentPostprocessing = 0;
		};
		82619B1A2DACF895002D52A0 /* Frameworks */ = {
			isa = PBXFrameworksBuildPhase;
			buildActionMask = 2147483647;
			files = (
			);
			runOnlyForDeploymentPostprocessing = 0;
		};
		82619B242DACF895002D52A0 /* Frameworks */ = {
			isa = PBXFrameworksBuildPhase;
			buildActionMask = 2147483647;
			files = (
			);
			runOnlyForDeploymentPostprocessing = 0;
		};
/* End PBXFrameworksBuildPhase section */

/* Begin PBXGroup section */
		82619B042DACF894002D52A0 = {
			isa = PBXGroup;
			children = (
				82619B0F2DACF894002D52A0 /* Habitect */,
				82619B202DACF895002D52A0 /* HabitectTests */,
				82619B2A2DACF895002D52A0 /* HabitectUITests */,
				82619B0E2DACF894002D52A0 /* Products */,
			);
			sourceTree = "<group>";
		};
		82619B0E2DACF894002D52A0 /* Products */ = {
			isa = PBXGroup;
			children = (
				82619B0D2DACF894002D52A0 /* Habitect.app */,
				82619B1D2DACF895002D52A0 /* HabitectTests.xctest */,
				82619B272DACF895002D52A0 /* HabitectUITests.xctest */,
			);
			name = Products;
			sourceTree = "<group>";
		};
/* End PBXGroup section */

/* Begin PBXNativeTarget section */
		82619B0C2DACF894002D52A0 /* Habitect */ = {
			isa = PBXNativeTarget;
			buildConfigurationList = 82619B312DACF895002D52A0 /* Build configuration list for PBXNativeTarget "Habitect" */;
			buildPhases = (
				82619B092DACF894002D52A0 /* Sources */,
				82619B0A2DACF894002D52A0 /* Frameworks */,
				82619B0B2DACF894002D52A0 /* Resources */,
			);
			buildRules = (
			);
			dependencies = (
			);
			fileSystemSynchronizedGroups = (
				82619B0F2DACF894002D52A0 /* Habitect */,
			);
			name = Habitect;
			packageProductDependencies = (
				829C340D2DB7A69D00E2110A /* FirebaseAuth */,
				829C340F2DB7A69D00E2110A /* FirebaseDatabase */,
				829C34112DB7A69D00E2110A /* FirebaseFirestore */,
				829C34132DB7A69D00E2110A /* FirebaseStorage */,
			);
			productName = Habitect;
			productReference = 82619B0D2DACF894002D52A0 /* Habitect.app */;
			productType = "com.apple.product-type.application";
		};
		82619B1C2DACF895002D52A0 /* HabitectTests */ = {
			isa = PBXNativeTarget;
			buildConfigurationList = 82619B342DACF895002D52A0 /* Build configuration list for PBXNativeTarget "HabitectTests" */;
			buildPhases = (
				82619B192DACF895002D52A0 /* Sources */,
				82619B1A2DACF895002D52A0 /* Frameworks */,
				82619B1B2DACF895002D52A0 /* Resources */,
			);
			buildRules = (
			);
			dependencies = (
				82619B1F2DACF895002D52A0 /* PBXTargetDependency */,
			);
			fileSystemSynchronizedGroups = (
				82619B202DACF895002D52A0 /* HabitectTests */,
			);
			name = HabitectTests;
			packageProductDependencies = (
			);
			productName = HabitectTests;
			productReference = 82619B1D2DACF895002D52A0 /* HabitectTests.xctest */;
			productType = "com.apple.product-type.bundle.unit-test";
		};
		82619B262DACF895002D52A0 /* HabitectUITests */ = {
			isa = PBXNativeTarget;
			buildConfigurationList = 82619B372DACF895002D52A0 /* Build configuration list for PBXNativeTarget "HabitectUITests" */;
			buildPhases = (
				82619B232DACF895002D52A0 /* Sources */,
				82619B242DACF895002D52A0 /* Frameworks */,
				82619B252DACF895002D52A0 /* Resources */,
			);
			buildRules = (
			);
			dependencies = (
				82619B292DACF895002D52A0 /* PBXTargetDependency */,
			);
			fileSystemSynchronizedGroups = (
				82619B2A2DACF895002D52A0 /* HabitectUITests */,
			);
			name = HabitectUITests;
			packageProductDependencies = (
			);
			productName = HabitectUITests;
			productReference = 82619B272DACF895002D52A0 /* HabitectUITests.xctest */;
			productType = "com.apple.product-type.bundle.ui-testing";
		};
/* End PBXNativeTarget section */

/* Begin PBXProject section */
		82619B052DACF894002D52A0 /* Project object */ = {
			isa = PBXProject;
			attributes = {
				BuildIndependentTargetsInParallel = 1;
				LastSwiftUpdateCheck = 1600;
				LastUpgradeCheck = 1600;
				TargetAttributes = {
					82619B0C2DACF894002D52A0 = {
						CreatedOnToolsVersion = 16.0;
					};
					82619B1C2DACF895002D52A0 = {
						CreatedOnToolsVersion = 16.0;
						TestTargetID = 82619B0C2DACF894002D52A0;
					};
					82619B262DACF895002D52A0 = {
						CreatedOnToolsVersion = 16.0;
						TestTargetID = 82619B0C2DACF894002D52A0;
					};
				};
			};
			buildConfigurationList = 82619B082DACF894002D52A0 /* Build configuration list for PBXProject "Habitect" */;
			developmentRegion = en;
			hasScannedForEncodings = 0;
			knownRegions = (
				en,
				Base,
			);
			mainGroup = 82619B042DACF894002D52A0;
			minimizedProjectReferenceProxies = 1;
			packageReferences = (
				829C340C2DB7A69D00E2110A /* XCRemoteSwiftPackageReference "firebase-ios-sdk" */,
			);
			preferredProjectObjectVersion = 77;
			productRefGroup = 82619B0E2DACF894002D52A0 /* Products */;
			projectDirPath = "";
			projectRoot = "";
			targets = (
				82619B0C2DACF894002D52A0 /* Habitect */,
				82619B1C2DACF895002D52A0 /* HabitectTests */,
				82619B262DACF895002D52A0 /* HabitectUITests */,
			);
		};
/* End PBXProject section */

/* Begin PBXResourcesBuildPhase section */
		82619B0B2DACF894002D52A0 /* Resources */ = {
			isa = PBXResourcesBuildPhase;
			buildActionMask = 2147483647;
			files = (
			);
			runOnlyForDeploymentPostprocessing = 0;
		};
		82619B1B2DACF895002D52A0 /* Resources */ = {
			isa = PBXResourcesBuildPhase;
			buildActionMask = 2147483647;
			files = (
			);
			runOnlyForDeploymentPostprocessing = 0;
		};
		82619B252DACF895002D52A0 /* Resources */ = {
			isa = PBXResourcesBuildPhase;
			buildActionMask = 2147483647;
			files = (
			);
			runOnlyForDeploymentPostprocessing = 0;
		};
/* End PBXResourcesBuildPhase section */

/* Begin PBXSourcesBuildPhase section */
		82619B092DACF894002D52A0 /* Sources */ = {
			isa = PBXSourcesBuildPhase;
			buildActionMask = 2147483647;
			files = (
			);
			runOnlyForDeploymentPostprocessing = 0;
		};
		82619B192DACF895002D52A0 /* Sources */ = {
			isa = PBXSourcesBuildPhase;
			buildActionMask = 2147483647;
			files = (
			);
			runOnlyForDeploymentPostprocessing = 0;
		};
		82619B232DACF895002D52A0 /* Sources */ = {
			isa = PBXSourcesBuildPhase;
			buildActionMask = 2147483647;
			files = (
			);
			runOnlyForDeploymentPostprocessing = 0;
		};
/* End PBXSourcesBuildPhase section */

/* Begin PBXTargetDependency section */
		82619B1F2DACF895002D52A0 /* PBXTargetDependency */ = {
			isa = PBXTargetDependency;
			target = 82619B0C2DACF894002D52A0 /* Habitect */;
			targetProxy = 82619B1E2DACF895002D52A0 /* PBXContainerItemProxy */;
		};
		82619B292DACF895002D52A0 /* PBXTargetDependency */ = {
			isa = PBXTargetDependency;
			target = 82619B0C2DACF894002D52A0 /* Habitect */;
			targetProxy = 82619B282DACF895002D52A0 /* PBXContainerItemProxy */;
		};
/* End PBXTargetDependency section */

/* Begin XCBuildConfiguration section */
		82619B2F2DACF895002D52A0 /* Debug */ = {
			isa = XCBuildConfiguration;
			buildSettings = {
				ALWAYS_SEARCH_USER_PATHS = NO;
				ASSETCATALOG_COMPILER_GENERATE_SWIFT_ASSET_SYMBOL_EXTENSIONS = YES;
				CLANG_ANALYZER_NONNULL = YES;
				CLANG_ANALYZER_NUMBER_OBJECT_CONVERSION = YES_AGGRESSIVE;
				CLANG_CXX_LANGUAGE_STANDARD = "gnu++20";
				CLANG_ENABLE_MODULES = YES;
				CLANG_ENABLE_OBJC_ARC = YES;
				CLANG_ENABLE_OBJC_WEAK = YES;
				CLANG_WARN_BLOCK_CAPTURE_AUTORELEASING = YES;
				CLANG_WARN_BOOL_CONVERSION = YES;
				CLANG_WARN_COMMA = YES;
				CLANG_WARN_CONSTANT_CONVERSION = YES;
				CLANG_WARN_DEPRECATED_OBJC_IMPLEMENTATIONS = YES;
				CLANG_WARN_DIRECT_OBJC_ISA_USAGE = YES_ERROR;
				CLANG_WARN_DOCUMENTATION_COMMENTS = YES;
				CLANG_WARN_EMPTY_BODY = YES;
				CLANG_WARN_ENUM_CONVERSION = YES;
				CLANG_WARN_INFINITE_RECURSION = YES;
				CLANG_WARN_INT_CONVERSION = YES;
				CLANG_WARN_NON_LITERAL_NULL_CONVERSION = YES;
				CLANG_WARN_OBJC_IMPLICIT_RETAIN_SELF = YES;
				CLANG_WARN_OBJC_LITERAL_CONVERSION = YES;
				CLANG_WARN_OBJC_ROOT_CLASS = YES_ERROR;
				CLANG_WARN_QUOTED_INCLUDE_IN_FRAMEWORK_HEADER = YES;
				CLANG_WARN_RANGE_LOOP_ANALYSIS = YES;
				CLANG_WARN_STRICT_PROTOTYPES = YES;
				CLANG_WARN_SUSPICIOUS_MOVE = YES;
				CLANG_WARN_UNGUARDED_AVAILABILITY = YES_AGGRESSIVE;
				CLANG_WARN_UNREACHABLE_CODE = YES;
				CLANG_WARN__DUPLICATE_METHOD_MATCH = YES;
				COPY_PHASE_STRIP = NO;
				DEBUG_INFORMATION_FORMAT = dwarf;
				ENABLE_STRICT_OBJC_MSGSEND = YES;
				ENABLE_TESTABILITY = YES;
				ENABLE_USER_SCRIPT_SANDBOXING = YES;
				GCC_C_LANGUAGE_STANDARD = gnu17;
				GCC_DYNAMIC_NO_PIC = NO;
				GCC_NO_COMMON_BLOCKS = YES;
				GCC_OPTIMIZATION_LEVEL = 0;
				GCC_PREPROCESSOR_DEFINITIONS = (
					"DEBUG=1",
					"$(inherited)",
				);
				GCC_WARN_64_TO_32_BIT_CONVERSION = YES;
				GCC_WARN_ABOUT_RETURN_TYPE = YES_ERROR;
				GCC_WARN_UNDECLARED_SELECTOR = YES;
				GCC_WARN_UNINITIALIZED_AUTOS = YES_AGGRESSIVE;
				GCC_WARN_UNUSED_FUNCTION = YES;
				GCC_WARN_UNUSED_VARIABLE = YES;
				IPHONEOS_DEPLOYMENT_TARGET = 18.0;
				LOCALIZATION_PREFERS_STRING_CATALOGS = YES;
				MTL_ENABLE_DEBUG_INFO = INCLUDE_SOURCE;
				MTL_FAST_MATH = YES;
				ONLY_ACTIVE_ARCH = YES;
				SDKROOT = iphoneos;
				SWIFT_ACTIVE_COMPILATION_CONDITIONS = "DEBUG $(inherited)";
				SWIFT_OPTIMIZATION_LEVEL = "-Onone";
			};
			name = Debug;
		};
		82619B302DACF895002D52A0 /* Release */ = {
			isa = XCBuildConfiguration;
			buildSettings = {
				ALWAYS_SEARCH_USER_PATHS = NO;
				ASSETCATALOG_COMPILER_GENERATE_SWIFT_ASSET_SYMBOL_EXTENSIONS = YES;
				CLANG_ANALYZER_NONNULL = YES;
				CLANG_ANALYZER_NUMBER_OBJECT_CONVERSION = YES_AGGRESSIVE;
				CLANG_CXX_LANGUAGE_STANDARD = "gnu++20";
				CLANG_ENABLE_MODULES = YES;
				CLANG_ENABLE_OBJC_ARC = YES;
				CLANG_ENABLE_OBJC_WEAK = YES;
				CLANG_WARN_BLOCK_CAPTURE_AUTORELEASING = YES;
				CLANG_WARN_BOOL_CONVERSION = YES;
				CLANG_WARN_COMMA = YES;
				CLANG_WARN_CONSTANT_CONVERSION = YES;
				CLANG_WARN_DEPRECATED_OBJC_IMPLEMENTATIONS = YES;
				CLANG_WARN_DIRECT_OBJC_ISA_USAGE = YES_ERROR;
				CLANG_WARN_DOCUMENTATION_COMMENTS = YES;
				CLANG_WARN_EMPTY_BODY = YES;
				CLANG_WARN_ENUM_CONVERSION = YES;
				CLANG_WARN_INFINITE_RECURSION = YES;
				CLANG_WARN_INT_CONVERSION = YES;
				CLANG_WARN_NON_LITERAL_NULL_CONVERSION = YES;
				CLANG_WARN_OBJC_IMPLICIT_RETAIN_SELF = YES;
				CLANG_WARN_OBJC_LITERAL_CONVERSION = YES;
				CLANG_WARN_OBJC_ROOT_CLASS = YES_ERROR;
				CLANG_WARN_QUOTED_INCLUDE_IN_FRAMEWORK_HEADER = YES;
				CLANG_WARN_RANGE_LOOP_ANALYSIS = YES;
				CLANG_WARN_STRICT_PROTOTYPES = YES;
				CLANG_WARN_SUSPICIOUS_MOVE = YES;
				CLANG_WARN_UNGUARDED_AVAILABILITY = YES_AGGRESSIVE;
				CLANG_WARN_UNREACHABLE_CODE = YES;
				CLANG_WARN__DUPLICATE_METHOD_MATCH = YES;
				COPY_PHASE_STRIP = NO;
				DEBUG_INFORMATION_FORMAT = "dwarf-with-dsym";
				ENABLE_NS_ASSERTIONS = NO;
				ENABLE_STRICT_OBJC_MSGSEND = YES;
				ENABLE_USER_SCRIPT_SANDBOXING = YES;
				GCC_C_LANGUAGE_STANDARD = gnu17;
				GCC_NO_COMMON_BLOCKS = YES;
				GCC_WARN_64_TO_32_BIT_CONVERSION = YES;
				GCC_WARN_ABOUT_RETURN_TYPE = YES_ERROR;
				GCC_WARN_UNDECLARED_SELECTOR = YES;
				GCC_WARN_UNINITIALIZED_AUTOS = YES_AGGRESSIVE;
				GCC_WARN_UNUSED_FUNCTION = YES;
				GCC_WARN_UNUSED_VARIABLE = YES;
				IPHONEOS_DEPLOYMENT_TARGET = 18.0;
				LOCALIZATION_PREFERS_STRING_CATALOGS = YES;
				MTL_ENABLE_DEBUG_INFO = NO;
				MTL_FAST_MATH = YES;
				SDKROOT = iphoneos;
				SWIFT_COMPILATION_MODE = wholemodule;
				VALIDATE_PRODUCT = YES;
			};
			name = Release;
		};
		82619B322DACF895002D52A0 /* Debug */ = {
			isa = XCBuildConfiguration;
			buildSettings = {
				ASSETCATALOG_COMPILER_APPICON_NAME = AppIcon;
				ASSETCATALOG_COMPILER_GLOBAL_ACCENT_COLOR_NAME = AccentColor;
				CODE_SIGN_STYLE = Automatic;
				CURRENT_PROJECT_VERSION = 1;
				DEVELOPMENT_ASSET_PATHS = "\"Habitect/Preview Content\"";
				DEVELOPMENT_TEAM = VN8YTJJZV7;
				ENABLE_PREVIEWS = YES;
				GENERATE_INFOPLIST_FILE = YES;
				INFOPLIST_KEY_UIApplicationSceneManifest_Generation = YES;
				INFOPLIST_KEY_UIApplicationSupportsIndirectInputEvents = YES;
				INFOPLIST_KEY_UILaunchScreen_Generation = YES;
				INFOPLIST_KEY_UISupportedInterfaceOrientations_iPad = "UIInterfaceOrientationPortrait UIInterfaceOrientationPortraitUpsideDown UIInterfaceOrientationLandscapeLeft UIInterfaceOrientationLandscapeRight";
				INFOPLIST_KEY_UISupportedInterfaceOrientations_iPhone = "UIInterfaceOrientationPortrait UIInterfaceOrientationLandscapeLeft UIInterfaceOrientationLandscapeRight";
				LD_RUNPATH_SEARCH_PATHS = (
					"$(inherited)",
					"@executable_path/Frameworks",
				);
				MARKETING_VERSION = 1.0;
				PRODUCT_BUNDLE_IDENTIFIER = dev.sertural.Habitect;
				PRODUCT_NAME = "$(TARGET_NAME)";
				SWIFT_EMIT_LOC_STRINGS = YES;
				SWIFT_VERSION = 5.0;
				TARGETED_DEVICE_FAMILY = "1,2";
			};
			name = Debug;
		};
		82619B332DACF895002D52A0 /* Release */ = {
			isa = XCBuildConfiguration;
			buildSettings = {
				ASSETCATALOG_COMPILER_APPICON_NAME = AppIcon;
				ASSETCATALOG_COMPILER_GLOBAL_ACCENT_COLOR_NAME = AccentColor;
				CODE_SIGN_STYLE = Automatic;
				CURRENT_PROJECT_VERSION = 1;
				DEVELOPMENT_ASSET_PATHS = "\"Habitect/Preview Content\"";
				DEVELOPMENT_TEAM = VN8YTJJZV7;
				ENABLE_PREVIEWS = YES;
				GENERATE_INFOPLIST_FILE = YES;
				INFOPLIST_KEY_UIApplicationSceneManifest_Generation = YES;
				INFOPLIST_KEY_UIApplicationSupportsIndirectInputEvents = YES;
				INFOPLIST_KEY_UILaunchScreen_Generation = YES;
				INFOPLIST_KEY_UISupportedInterfaceOrientations_iPad = "UIInterfaceOrientationPortrait UIInterfaceOrientationPortraitUpsideDown UIInterfaceOrientationLandscapeLeft UIInterfaceOrientationLandscapeRight";
				INFOPLIST_KEY_UISupportedInterfaceOrientations_iPhone = "UIInterfaceOrientationPortrait UIInterfaceOrientationLandscapeLeft UIInterfaceOrientationLandscapeRight";
				LD_RUNPATH_SEARCH_PATHS = (
					"$(inherited)",
					"@executable_path/Frameworks",
				);
				MARKETING_VERSION = 1.0;
				PRODUCT_BUNDLE_IDENTIFIER = dev.sertural.Habitect;
				PRODUCT_NAME = "$(TARGET_NAME)";
				SWIFT_EMIT_LOC_STRINGS = YES;
				SWIFT_VERSION = 5.0;
				TARGETED_DEVICE_FAMILY = "1,2";
			};
			name = Release;
		};
		82619B352DACF895002D52A0 /* Debug */ = {
			isa = XCBuildConfiguration;
			buildSettings = {
				BUNDLE_LOADER = "$(TEST_HOST)";
				CODE_SIGN_STYLE = Automatic;
				CURRENT_PROJECT_VERSION = 1;
				DEVELOPMENT_TEAM = VN8YTJJZV7;
				GENERATE_INFOPLIST_FILE = YES;
				IPHONEOS_DEPLOYMENT_TARGET = 18.0;
				MARKETING_VERSION = 1.0;
				PRODUCT_BUNDLE_IDENTIFIER = dev.sertural.HabitectTests;
				PRODUCT_NAME = "$(TARGET_NAME)";
				SWIFT_EMIT_LOC_STRINGS = NO;
				SWIFT_VERSION = 5.0;
				TARGETED_DEVICE_FAMILY = "1,2";
				TEST_HOST = "$(BUILT_PRODUCTS_DIR)/Habitect.app/$(BUNDLE_EXECUTABLE_FOLDER_PATH)/Habitect";
			};
			name = Debug;
		};
		82619B362DACF895002D52A0 /* Release */ = {
			isa = XCBuildConfiguration;
			buildSettings = {
				BUNDLE_LOADER = "$(TEST_HOST)";
				CODE_SIGN_STYLE = Automatic;
				CURRENT_PROJECT_VERSION = 1;
				DEVELOPMENT_TEAM = VN8YTJJZV7;
				GENERATE_INFOPLIST_FILE = YES;
				IPHONEOS_DEPLOYMENT_TARGET = 18.0;
				MARKETING_VERSION = 1.0;
				PRODUCT_BUNDLE_IDENTIFIER = dev.sertural.HabitectTests;
				PRODUCT_NAME = "$(TARGET_NAME)";
				SWIFT_EMIT_LOC_STRINGS = NO;
				SWIFT_VERSION = 5.0;
				TARGETED_DEVICE_FAMILY = "1,2";
				TEST_HOST = "$(BUILT_PRODUCTS_DIR)/Habitect.app/$(BUNDLE_EXECUTABLE_FOLDER_PATH)/Habitect";
			};
			name = Release;
		};
		82619B382DACF895002D52A0 /* Debug */ = {
			isa = XCBuildConfiguration;
			buildSettings = {
				CODE_SIGN_STYLE = Automatic;
				CURRENT_PROJECT_VERSION = 1;
				DEVELOPMENT_TEAM = VN8YTJJZV7;
				GENERATE_INFOPLIST_FILE = YES;
				MARKETING_VERSION = 1.0;
				PRODUCT_BUNDLE_IDENTIFIER = dev.sertural.HabitectUITests;
				PRODUCT_NAME = "$(TARGET_NAME)";
				SWIFT_EMIT_LOC_STRINGS = NO;
				SWIFT_VERSION = 5.0;
				TARGETED_DEVICE_FAMILY = "1,2";
				TEST_TARGET_NAME = Habitect;
			};
			name = Debug;
		};
		82619B392DACF895002D52A0 /* Release */ = {
			isa = XCBuildConfiguration;
			buildSettings = {
				CODE_SIGN_STYLE = Automatic;
				CURRENT_PROJECT_VERSION = 1;
				DEVELOPMENT_TEAM = VN8YTJJZV7;
				GENERATE_INFOPLIST_FILE = YES;
				MARKETING_VERSION = 1.0;
				PRODUCT_BUNDLE_IDENTIFIER = dev.sertural.HabitectUITests;
				PRODUCT_NAME = "$(TARGET_NAME)";
				SWIFT_EMIT_LOC_STRINGS = NO;
				SWIFT_VERSION = 5.0;
				TARGETED_DEVICE_FAMILY = "1,2";
				TEST_TARGET_NAME = Habitect;
			};
			name = Release;
		};
/* End XCBuildConfiguration section */

/* Begin XCConfigurationList section */
		82619B082DACF894002D52A0 /* Build configuration list for PBXProject "Habitect" */ = {
			isa = XCConfigurationList;
			buildConfigurations = (
				82619B2F2DACF895002D52A0 /* Debug */,
				82619B302DACF895002D52A0 /* Release */,
			);
			defaultConfigurationIsVisible = 0;
			defaultConfigurationName = Release;
		};
		82619B312DACF895002D52A0 /* Build configuration list for PBXNativeTarget "Habitect" */ = {
			isa = XCConfigurationList;
			buildConfigurations = (
				82619B322DACF895002D52A0 /* Debug */,
				82619B332DACF895002D52A0 /* Release */,
			);
			defaultConfigurationIsVisible = 0;
			defaultConfigurationName = Release;
		};
		82619B342DACF895002D52A0 /* Build configuration list for PBXNativeTarget "HabitectTests" */ = {
			isa = XCConfigurationList;
			buildConfigurations = (
				82619B352DACF895002D52A0 /* Debug */,
				82619B362DACF895002D52A0 /* Release */,
			);
			defaultConfigurationIsVisible = 0;
			defaultConfigurationName = Release;
		};
		82619B372DACF895002D52A0 /* Build configuration list for PBXNativeTarget "HabitectUITests" */ = {
			isa = XCConfigurationList;
			buildConfigurations = (
				82619B382DACF895002D52A0 /* Debug */,
				82619B392DACF895002D52A0 /* Release */,
			);
			defaultConfigurationIsVisible = 0;
			defaultConfigurationName = Release;
		};
/* End XCConfigurationList section */

/* Begin XCRemoteSwiftPackageReference section */
		829C340C2DB7A69D00E2110A /* XCRemoteSwiftPackageReference "firebase-ios-sdk" */ = {
			isa = XCRemoteSwiftPackageReference;
			repositoryURL = "https://github.com/firebase/firebase-ios-sdk";
			requirement = {
				kind = upToNextMajorVersion;
				minimumVersion = 11.12.0;
			};
		};
/* End XCRemoteSwiftPackageReference section */

/* Begin XCSwiftPackageProductDependency section */
		829C340D2DB7A69D00E2110A /* FirebaseAuth */ = {
			isa = XCSwiftPackageProductDependency;
			package = 829C340C2DB7A69D00E2110A /* XCRemoteSwiftPackageReference "firebase-ios-sdk" */;
			productName = FirebaseAuth;
		};
		829C340F2DB7A69D00E2110A /* FirebaseDatabase */ = {
			isa = XCSwiftPackageProductDependency;
			package = 829C340C2DB7A69D00E2110A /* XCRemoteSwiftPackageReference "firebase-ios-sdk" */;
			productName = FirebaseDatabase;
		};
		829C34112DB7A69D00E2110A /* FirebaseFirestore */ = {
			isa = XCSwiftPackageProductDependency;
			package = 829C340C2DB7A69D00E2110A /* XCRemoteSwiftPackageReference "firebase-ios-sdk" */;
			productName = FirebaseFirestore;
		};
		829C34132DB7A69D00E2110A /* FirebaseStorage */ = {
			isa = XCSwiftPackageProductDependency;
			package = 829C340C2DB7A69D00E2110A /* XCRemoteSwiftPackageReference "firebase-ios-sdk" */;
			productName = FirebaseStorage;
		};
/* End XCSwiftPackageProductDependency section */
	};
	rootObject = 82619B052DACF894002D52A0 /* Project object */;
}
